
Microsoft Visual Studio Solution File, Format Version 12.00
# Visual Studio Version 16
VisualStudioVersion = 16.0.30225.117
MinimumVisualStudioVersion = 10.0.40219.1
Project("{FAE04EC0-301F-11D3-BF4B-00C04F79EFBC}") = "DuckCreekDemo", "DuckCreekDemo\DuckCreekDemo.csproj", "{38FCD395-4ED6-4531-A0A1-624901F21804}"
EndProject
Global
	GlobalSection(SolutionConfigurationPlatforms) = preSolution
		Debug|Any CPU = Debug|Any CPU
		Release|Any CPU = Release|Any CPU
	EndGlobalSection
	GlobalSection(ProjectConfigurationPlatforms) = postSolution
		{38FCD395-4ED6-4531-A0A1-624901F21804}.Debug|Any CPU.ActiveCfg = Debug|Any CPU
		{38FCD395-4ED6-4531-A0A1-624901F21804}.Debug|Any CPU.Build.0 = Debug|Any CPU
		{38FCD395-4ED6-4531-A0A1-624901F21804}.Release|Any CPU.ActiveCfg = Release|Any CPU
		{38FCD395-4ED6-4531-A0A1-624901F21804}.Release|Any CPU.Build.0 = Release|Any CPU
	EndGlobalSection
	GlobalSection(SolutionProperties) = preSolution
		HideSolutionNode = FALSE
	EndGlobalSection
	GlobalSection(ExtensibilityGlobals) = postSolution
		SolutionGuid = {99ADD605-7EEB-422E-9705-0161072E31E7}
	EndGlobalSection
EndGlobal
